
Microsoft Visual Studio Solution File, Format Version 12.00
# Visual Studio Version 17
VisualStudioVersion = 17.1.32407.343
MinimumVisualStudioVersion = 10.0.40219.1
Project("{FAE04EC0-301F-11D3-BF4B-00C04F79EFBC}") = "FunctionAppSimulacoesCotacaoDolar", "FunctionAppSimulacoesCotacaoDolar.csproj", "{43AB9C2E-158B-4C48-9D2F-001546A455CC}"
EndProject
Global
	GlobalSection(SolutionConfigurationPlatforms) = preSolution
		Debug|Any CPU = Debug|Any CPU
		Release|Any CPU = Release|Any CPU
	EndGlobalSection
	GlobalSection(ProjectConfigurationPlatforms) = postSolution
		{43AB9C2E-158B-4C48-9D2F-001546A455CC}.Debug|Any CPU.ActiveCfg = Debug|Any CPU
		{43AB9C2E-158B-4C48-9D2F-001546A455CC}.Debug|Any CPU.Build.0 = Debug|Any CPU
		{43AB9C2E-158B-4C48-9D2F-001546A455CC}.Release|Any CPU.ActiveCfg = Release|Any CPU
		{43AB9C2E-158B-4C48-9D2F-001546A455CC}.Release|Any CPU.Build.0 = Release|Any CPU
	EndGlobalSection
	GlobalSection(SolutionProperties) = preSolution
		HideSolutionNode = FALSE
	EndGlobalSection
	GlobalSection(ExtensibilityGlobals) = postSolution
		SolutionGuid = {AB58D930-F90B-42C0-870A-082E212B460A}
	EndGlobalSection
EndGlobal
